
Microsoft Visual Studio Solution File, Format Version 12.00
# Visual Studio Version 17
VisualStudioVersion = 17.14.37502.11 d17.14
MinimumVisualStudioVersion = 10.0.40219.1
Project("{FAE04EC0-301F-11D3-BF4B-00C04F79EFBC}") = "8.10test", "8.10test.csproj", "{BACCCCEB-7775-4157-A0FC-B3156DA6A59B}"
EndProject
Global
	GlobalSection(SolutionConfigurationPlatforms) = preSolution
		Debug|Any CPU = Debug|Any CPU
		Release|Any CPU = Release|Any CPU
	EndGlobalSection
	GlobalSection(ProjectConfigurationPlatforms) = postSolution
		{BACCCCEB-7775-4157-A0FC-B3156DA6A59B}.Debug|Any CPU.ActiveCfg = Debug|Any CPU
		{BACCCCEB-7775-4157-A0FC-B3156DA6A59B}.Debug|Any CPU.Build.0 = Debug|Any CPU
		{BACCCCEB-7775-4157-A0FC-B3156DA6A59B}.Release|Any CPU.ActiveCfg = Release|Any CPU
		{BACCCCEB-7775-4157-A0FC-B3156DA6A59B}.Release|Any CPU.Build.0 = Release|Any CPU
	EndGlobalSection
	GlobalSection(SolutionProperties) = preSolution
		HideSolutionNode = FALSE
	EndGlobalSection
	GlobalSection(ExtensibilityGlobals) = postSolution
		SolutionGuid = {16FDE63A-363C-4536-A8DF-8EE0975F99B8}
	EndGlobalSection
EndGlobal
