
Microsoft Visual Studio Solution File, Format Version 12.00
# Visual Studio Version 17
VisualStudioVersion = 17.14.37502.11 d17.14
MinimumVisualStudioVersion = 10.0.40219.1
Project("{FAE04EC0-301F-11D3-BF4B-00C04F79EFBC}") = "8.12test", "8.12test.csproj", "{7CBD8BE6-C04C-472B-97B4-C3822F0E9213}"
EndProject
Global
	GlobalSection(SolutionConfigurationPlatforms) = preSolution
		Debug|Any CPU = Debug|Any CPU
		Release|Any CPU = Release|Any CPU
	EndGlobalSection
	GlobalSection(ProjectConfigurationPlatforms) = postSolution
		{7CBD8BE6-C04C-472B-97B4-C3822F0E9213}.Debug|Any CPU.ActiveCfg = Debug|Any CPU
		{7CBD8BE6-C04C-472B-97B4-C3822F0E9213}.Debug|Any CPU.Build.0 = Debug|Any CPU
		{7CBD8BE6-C04C-472B-97B4-C3822F0E9213}.Release|Any CPU.ActiveCfg = Release|Any CPU
		{7CBD8BE6-C04C-472B-97B4-C3822F0E9213}.Release|Any CPU.Build.0 = Release|Any CPU
	EndGlobalSection
	GlobalSection(SolutionProperties) = preSolution
		HideSolutionNode = FALSE
	EndGlobalSection
	GlobalSection(ExtensibilityGlobals) = postSolution
		SolutionGuid = {0EE710E2-5255-4BEB-B47B-8D41841038C9}
	EndGlobalSection
EndGlobal
